// !$*UTF8*$!
{
	archiveVersion = 1;
	classes = {
	};
	objectVersion = 50;
	objects = {

/* Begin PBXBuildFile section */
		4A38E5B924CF371E00C27FC7 /* Launch Screen.storyboard in Resources */ = {isa = PBXBuildFile; fileRef = 4A2B8D7724CB59280087E503 /* Launch Screen.storyboard */; };
		4A97B66224BB6E4A0037DE73 /* SecondScreen.swift in Sources */ = {isa = PBXBuildFile; fileRef = 4A97B66124BB6E4A0037DE73 /* SecondScreen.swift */; };
		4A97B66624BB7AC90037DE73 /* FirstScreen.swift in Sources */ = {isa = PBXBuildFile; fileRef = 4A97B66524BB7AC90037DE73 /* FirstScreen.swift */; };
		7835629D23C9025200BE5B8F /* AppDelegate.swift in Sources */ = {isa = PBXBuildFile; fileRef = 7835629C23C9025200BE5B8F /* AppDelegate.swift */; };
		7835629F23C9025200BE5B8F /* SceneDelegate.swift in Sources */ = {isa = PBXBuildFile; fileRef = 7835629E23C9025200BE5B8F /* SceneDelegate.swift */; };
		783562A423C9025200BE5B8F /* Main.storyboard in Resources */ = {isa = PBXBuildFile; fileRef = 783562A223C9025200BE5B8F /* Main.storyboard */; };
		783562A623C9025500BE5B8F /* Assets.xcassets in Resources */ = {isa = PBXBuildFile; fileRef = 783562A523C9025500BE5B8F /* Assets.xcassets */; };
		783562B323C9042B00BE5B8F /* SleepAppViewController.swift in Sources */ = {isa = PBXBuildFile; fileRef = 783562B223C9042B00BE5B8F /* SleepAppViewController.swift */; };
/* End PBXBuildFile section */

/* Begin PBXFileReference section */
		4A2B8D7724CB59280087E503 /* Launch Screen.storyboard */ = {isa = PBXFileReference; lastKnownFileType = file.storyboard; path = "Launch Screen.storyboard"; sourceTree = "<group>"; };
		4A97B66124BB6E4A0037DE73 /* SecondScreen.swift */ = {isa = PBXFileReference; lastKnownFileType = sourcecode.swift; path = SecondScreen.swift; sourceTree = "<group>"; };
		4A97B66524BB7AC90037DE73 /* FirstScreen.swift */ = {isa = PBXFileReference; lastKnownFileType = sourcecode.swift; path = FirstScreen.swift; sourceTree = "<group>"; };
		7835629923C9025200BE5B8F /* Sleep Calculator.app */ = {isa = PBXFileReference; explicitFileType = wrapper.application; includeInIndex = 0; path = "Sleep Calculator.app"; sourceTree = BUILT_PRODUCTS_DIR; };
		7835629C23C9025200BE5B8F /* AppDelegate.swift */ = {isa = PBXFileReference; lastKnownFileType = sourcecode.swift; path = AppDelegate.swift; sourceTree = "<group>"; };
		7835629E23C9025200BE5B8F /* SceneDelegate.swift */ = {isa = PBXFileReference; lastKnownFileType = sourcecode.swift; path = SceneDelegate.swift; sourceTree = "<group>"; };
		783562A323C9025200BE5B8F /* Base */ = {isa = PBXFileReference; lastKnownFileType = file.storyboard; name = Base; path = Base.lproj/Main.storyboard; sourceTree = "<group>"; };
		783562A523C9025500BE5B8F /* Assets.xcassets */ = {isa = PBXFileReference; lastKnownFileType = folder.assetcatalog; path = Assets.xcassets; sourceTree = "<group>"; };
		783562AA23C9025500BE5B8F /* Info.plist */ = {isa = PBXFileReference; lastKnownFileType = text.plist.xml; path = Info.plist; sourceTree = "<group>"; };
		783562B223C9042B00BE5B8F /* SleepAppViewController.swift */ = {isa = PBXFileReference; lastKnownFileType = sourcecode.swift; path = SleepAppViewController.swift; sourceTree = "<group>"; };
/* End PBXFileReference section */

/* Begin PBXFrameworksBuildPhase section */
		7835629623C9025200BE5B8F /* Frameworks */ = {
			isa = PBXFrameworksBuildPhase;
			buildActionMask = 2147483647;
			files = (
			);
			runOnlyForDeploymentPostprocessing = 0;
		};
/* End PBXFrameworksBuildPhase section */

/* Begin PBXGroup section */
		7835629023C9025200BE5B8F = {
			isa = PBXGroup;
			children = (
				7835629B23C9025200BE5B8F /* Sleep Calculator */,
				7835629A23C9025200BE5B8F /* Products */,
			);
			sourceTree = "<group>";
		};
		7835629A23C9025200BE5B8F /* Products */ = {
			isa = PBXGroup;
			children = (
				7835629923C9025200BE5B8F /* Sleep Calculator.app */,
			);
			name = Products;
			sourceTree = "<group>";
		};
		7835629B23C9025200BE5B8F /* Sleep Calculator */ = {
			isa = PBXGroup;
			children = (
				7835629C23C9025200BE5B8F /* AppDelegate.swift */,
				7835629E23C9025200BE5B8F /* SceneDelegate.swift */,
				783562B223C9042B00BE5B8F /* SleepAppViewController.swift */,
				783562A223C9025200BE5B8F /* Main.storyboard */,
				4A97B66524BB7AC90037DE73 /* FirstScreen.swift */,
				4A97B66124BB6E4A0037DE73 /* SecondScreen.swift */,
				783562A523C9025500BE5B8F /* Assets.xcassets */,
				4A2B8D7724CB59280087E503 /* Launch Screen.storyboard */,
				783562AA23C9025500BE5B8F /* Info.plist */,
			);
			path = "Sleep Calculator";
			sourceTree = "<group>";
		};
/* End PBXGroup section */

/* Begin PBXNativeTarget section */
		7835629823C9025200BE5B8F /* Sleep Calculator */ = {
			isa = PBXNativeTarget;
			buildConfigurationList = 783562AD23C9025500BE5B8F /* Build configuration list for PBXNativeTarget "Sleep Calculator" */;
			buildPhases = (
				7835629523C9025200BE5B8F /* Sources */,
				7835629623C9025200BE5B8F /* Frameworks */,
				7835629723C9025200BE5B8F /* Resources */,
			);
			buildRules = (
			);
			dependencies = (
			);
			name = "Sleep Calculator";
			productName = "Sleep Calculator";
			productReference = 7835629923C9025200BE5B8F /* Sleep Calculator.app */;
			productType = "com.apple.product-type.application";
		};
/* End PBXNativeTarget section */

/* Begin PBXProject section */
		7835629123C9025200BE5B8F /* Project object */ = {
			isa = PBXProject;
			attributes = {
				LastSwiftUpdateCheck = 1130;
				LastUpgradeCheck = 1130;
				ORGANIZATIONNAME = "Nathan Jose";
				TargetAttributes = {
					7835629823C9025200BE5B8F = {
						CreatedOnToolsVersion = 11.3;
					};
				};
			};
			buildConfigurationList = 7835629423C9025200BE5B8F /* Build configuration list for PBXProject "Sleep Calculator" */;
			compatibilityVersion = "Xcode 9.3";
			developmentRegion = en;
			hasScannedForEncodings = 0;
			knownRegions = (
				en,
				Base,
			);
			mainGroup = 7835629023C9025200BE5B8F;
			productRefGroup = 7835629A23C9025200BE5B8F /* Products */;
			projectDirPath = "";
			projectRoot = "";
			targets = (
				7835629823C9025200BE5B8F /* Sleep Calculator */,
			);
		};
/* End PBXProject section */

/* Begin PBXResourcesBuildPhase section */
		7835629723C9025200BE5B8F /* Resources */ = {
			isa = PBXResourcesBuildPhase;
			buildActionMask = 2147483647;
			files = (
				4A38E5B924CF371E00C27FC7 /* Launch Screen.storyboard in Resources */,
				783562A623C9025500BE5B8F /* Assets.xcassets in Resources */,
				783562A423C9025200BE5B8F /* Main.storyboard in Resources */,
			);
			runOnlyForDeploymentPostprocessing = 0;
		};
/* End PBXResourcesBuildPhase section */

/* Begin PBXSourcesBuildPhase section */
		7835629523C9025200BE5B8F /* Sources */ = {
			isa = PBXSourcesBuildPhase;
			buildActionMask = 2147483647;
			files = (
				7835629D23C9025200BE5B8F /* AppDelegate.swift in Sources */,
				4A97B66224BB6E4A0037DE73 /* SecondScreen.swift in Sources */,
				783562B323C9042B00BE5B8F /* SleepAppViewController.swift in Sources */,
				7835629F23C9025200BE5B8F /* SceneDelegate.swift in Sources */,
				4A97B66624BB7AC90037DE73 /* FirstScreen.swift in Sources */,
			);
			runOnlyForDeploymentPostprocessing = 0;
		};
/* End PBXSourcesBuildPhase section */

/* Begin PBXVariantGroup section */
		783562A223C9025200BE5B8F /* Main.storyboard */ = {
			isa = PBXVariantGroup;
			children = (
				783562A323C9025200BE5B8F /* Base */,
			);
			name = Main.storyboard;
			sourceTree = "<group>";
		};
/* End PBXVariantGroup section */

/* Begin XCBuildConfiguration section */
		783562AB23C9025500BE5B8F /* Debug */ = {
			isa = XCBuildConfiguration;
			buildSettings = {
				ALWAYS_SEARCH_USER_PATHS = NO;
				CLANG_ANALYZER_NONNULL = YES;
				CLANG_ANALYZER_NUMBER_OBJECT_CONVERSION = YES_AGGRESSIVE;
				CLANG_CXX_LANGUAGE_STANDARD = "gnu++14";
				CLANG_CXX_LIBRARY = "libc++";
				CLANG_ENABLE_MODULES = YES;
				CLANG_ENABLE_OBJC_ARC = YES;
				CLANG_ENABLE_OBJC_WEAK = YES;
				CLANG_WARN_BLOCK_CAPTURE_AUTORELEASING = YES;
				CLANG_WARN_BOOL_CONVERSION = YES;
				CLANG_WARN_COMMA = YES;
				CLANG_WARN_CONSTANT_CONVERSION = YES;
				CLANG_WARN_DEPRECATED_OBJC_IMPLEMENTATIONS = YES;
				CLANG_WARN_DIRECT_OBJC_ISA_USAGE = YES_ERROR;
				CLANG_WARN_DOCUMENTATION_COMMENTS = YES;
				CLANG_WARN_EMPTY_BODY = YES;
				CLANG_WARN_ENUM_CONVERSION = YES;
				CLANG_WARN_INFINITE_RECURSION = YES;
				CLANG_WARN_INT_CONVERSION = YES;
				CLANG_WARN_NON_LITERAL_NULL_CONVERSION = YES;
				CLANG_WARN_OBJC_IMPLICIT_RETAIN_SELF = YES;
				CLANG_WARN_OBJC_LITERAL_CONVERSION = YES;
				CLANG_WARN_OBJC_ROOT_CLASS = YES_ERROR;
				CLANG_WARN_RANGE_LOOP_ANALYSIS = YES;
				CLANG_WARN_STRICT_PROTOTYPES = YES;
				CLANG_WARN_SUSPICIOUS_MOVE = YES;
				CLANG_WARN_UNGUARDED_AVAILABILITY = YES_AGGRESSIVE;
				CLANG_WARN_UNREACHABLE_CODE = YES;
				CLANG_WARN__DUPLICATE_METHOD_MATCH = YES;
				COPY_PHASE_STRIP = NO;
				DEBUG_INFORMATION_FORMAT = dwarf;
				ENABLE_STRICT_OBJC_MSGSEND = YES;
				ENABLE_TESTABILITY = YES;
				GCC_C_LANGUAGE_STANDARD = gnu11;
				GCC_DYNAMIC_NO_PIC = NO;
				GCC_NO_COMMON_BLOCKS = YES;
				GCC_OPTIMIZATION_LEVEL = 0;
				GCC_PREPROCESSOR_DEFINITIONS = (
					"DEBUG=1",
					"$(inherited)",
				);
				GCC_WARN_64_TO_32_BIT_CONVERSION = YES;
				GCC_WARN_ABOUT_RETURN_TYPE = YES_ERROR;
				GCC_WARN_UNDECLARED_SELECTOR = YES;
				GCC_WARN_UNINITIALIZED_AUTOS = YES_AGGRESSIVE;
				GCC_WARN_UNUSED_FUNCTION = YES;
				GCC_WARN_UNUSED_VARIABLE = YES;
				IPHONEOS_DEPLOYMENT_TARGET = 13.2;
				MTL_ENABLE_DEBUG_INFO = INCLUDE_SOURCE;
				MTL_FAST_MATH = YES;
				ONLY_ACTIVE_ARCH = YES;
				SDKROOT = iphoneos;
				SWIFT_ACTIVE_COMPILATION_CONDITIONS = DEBUG;
				SWIFT_OPTIMIZATION_LEVEL = "-Onone";
			};
			name = Debug;
		};
		783562AC23C9025500BE5B8F /* Release */ = {
			isa = XCBuildConfiguration;
			buildSettings = {
				ALWAYS_SEARCH_USER_PATHS = NO;
				CLANG_ANALYZER_NONNULL = YES;
				CLANG_ANALYZER_NUMBER_OBJECT_CONVERSION = YES_AGGRESSIVE;
				CLANG_CXX_LANGUAGE_STANDARD = "gnu++14";
				CLANG_CXX_LIBRARY = "libc++";
				CLANG_ENABLE_MODULES = YES;
				CLANG_ENABLE_OBJC_ARC = YES;
				CLANG_ENABLE_OBJC_WEAK = YES;
				CLANG_WARN_BLOCK_CAPTURE_AUTORELEASING = YES;
				CLANG_WARN_BOOL_CONVERSION = YES;
				CLANG_WARN_COMMA = YES;
				CLANG_WARN_CONSTANT_CONVERSION = YES;
				CLANG_WARN_DEPRECATED_OBJC_IMPLEMENTATIONS = YES;
				CLANG_WARN_DIRECT_OBJC_ISA_USAGE = YES_ERROR;
				CLANG_WARN_DOCUMENTATION_COMMENTS = YES;
				CLANG_WARN_EMPTY_BODY = YES;
				CLANG_WARN_ENUM_CONVERSION = YES;
				CLANG_WARN_INFINITE_RECURSION = YES;
				CLANG_WARN_INT_CONVERSION = YES;
				CLANG_WARN_NON_LITERAL_NULL_CONVERSION = YES;
				CLANG_WARN_OBJC_IMPLICIT_RETAIN_SELF = YES;
				CLANG_WARN_OBJC_LITERAL_CONVERSION = YES;
				CLANG_WARN_OBJC_ROOT_CLASS = YES_ERROR;
				CLANG_WARN_RANGE_LOOP_ANALYSIS = YES;
				CLANG_WARN_STRICT_PROTOTYPES = YES;
				CLANG_WARN_SUSPICIOUS_MOVE = YES;
				CLANG_WARN_UNGUARDED_AVAILABILITY = YES_AGGRESSIVE;
				CLANG_WARN_UNREACHABLE_CODE = YES;
				CLANG_WARN__DUPLICATE_METHOD_MATCH = YES;
				COPY_PHASE_STRIP = NO;
				DEBUG_INFORMATION_FORMAT = "dwarf-with-dsym";
				ENABLE_NS_ASSERTIONS = NO;
				ENABLE_STRICT_OBJC_MSGSEND = YES;
				GCC_C_LANGUAGE_STANDARD = gnu11;
				GCC_NO_COMMON_BLOCKS = YES;
				GCC_WARN_64_TO_32_BIT_CONVERSION = YES;
				GCC_WARN_ABOUT_RETURN_TYPE = YES_ERROR;
				GCC_WARN_UNDECLARED_SELECTOR = YES;
				GCC_WARN_UNINITIALIZED_AUTOS = YES_AGGRESSIVE;
				GCC_WARN_UNUSED_FUNCTION = YES;
				GCC_WARN_UNUSED_VARIABLE = YES;
				IPHONEOS_DEPLOYMENT_TARGET = 13.2;
				MTL_ENABLE_DEBUG_INFO = NO;
				MTL_FAST_MATH = YES;
				SDKROOT = iphoneos;
				SWIFT_COMPILATION_MODE = wholemodule;
				SWIFT_OPTIMIZATION_LEVEL = "-O";
				VALIDATE_PRODUCT = YES;
			};
			name = Release;
		};
		783562AE23C9025500BE5B8F /* Debug */ = {
			isa = XCBuildConfiguration;
			buildSettings = {
				ASSETCATALOG_COMPILER_APPICON_NAME = AppIcon;
				CODE_SIGN_STYLE = Automatic;
				DEVELOPMENT_TEAM = 28P4VGRC5F;
				INFOPLIST_FILE = "Sleep Calculator/Info.plist";
				LD_RUNPATH_SEARCH_PATHS = (
					"$(inherited)",
					"@executable_path/Frameworks",
				);
				PRODUCT_BUNDLE_IDENTIFIER = "com.K.Sleep-Calculator";
				PRODUCT_NAME = "$(TARGET_NAME)";
				SWIFT_VERSION = 5.0;
				TARGETED_DEVICE_FAMILY = "1,2";
			};
			name = Debug;
		};
		783562AF23C9025500BE5B8F /* Release */ = {
			isa = XCBuildConfiguration;
			buildSettings = {
				ASSETCATALOG_COMPILER_APPICON_NAME = AppIcon;
				CODE_SIGN_STYLE = Automatic;
				DEVELOPMENT_TEAM = 28P4VGRC5F;
				INFOPLIST_FILE = "Sleep Calculator/Info.plist";
				LD_RUNPATH_SEARCH_PATHS = (
					"$(inherited)",
					"@executable_path/Frameworks",
				);
				PRODUCT_BUNDLE_IDENTIFIER = "com.K.Sleep-Calculator";
				PRODUCT_NAME = "$(TARGET_NAME)";
				SWIFT_VERSION = 5.0;
				TARGETED_DEVICE_FAMILY = "1,2";
			};
			name = Release;
		};
/* End XCBuildConfiguration section */

/* Begin XCConfigurationList section */
		7835629423C9025200BE5B8F /* Build configuration list for PBXProject "Sleep Calculator" */ = {
			isa = XCConfigurationList;
			buildConfigurations = (
				783562AB23C9025500BE5B8F /* Debug */,
				783562AC23C9025500BE5B8F /* Release */,
			);
			defaultConfigurationIsVisible = 0;
			defaultConfigurationName = Release;
		};
		783562AD23C9025500BE5B8F /* Build configuration list for PBXNativeTarget "Sleep Calculator" */ = {
			isa = XCConfigurationList;
			buildConfigurations = (
				783562AE23C9025500BE5B8F /* Debug */,
				783562AF23C9025500BE5B8F /* Release */,
			);
			defaultConfigurationIsVisible = 0;
			defaultConfigurationName = Release;
		};
/* End XCConfigurationList section */
	};
	rootObject = 7835629123C9025200BE5B8F /* Project object */;
}
