// !$*UTF8*$!
{
	archiveVersion = 1;
	classes = {
	};
	objectVersion = 50;
	objects = {

/* Begin PBXBuildFile section */
		4A0EA3F12770E4A600EB6454 /* ru.lproj in Resources */ = {isa = PBXBuildFile; fileRef = 4A0EA3F02770E4A600EB6454 /* ru.lproj */; };
		4A3D5EBF272315B30027B8BE /* AppDelegate.swift in Sources */ = {isa = PBXBuildFile; fileRef = 4A3D5EBE272315B30027B8BE /* AppDelegate.swift */; };
		4A3D5EC1272315B30027B8BE /* SceneDelegate.swift in Sources */ = {isa = PBXBuildFile; fileRef = 4A3D5EC0272315B30027B8BE /* SceneDelegate.swift */; };
		4A3D5EC3272315B30027B8BE /* ViewController.swift in Sources */ = {isa = PBXBuildFile; fileRef = 4A3D5EC2272315B30027B8BE /* ViewController.swift */; };
		4A3D5EC6272315B30027B8BE /* Main.storyboard in Resources */ = {isa = PBXBuildFile; fileRef = 4A3D5EC4272315B30027B8BE /* Main.storyboard */; };
		4A3D5ED7272316090027B8BE /* Model.swift in Sources */ = {isa = PBXBuildFile; fileRef = 4A3D5ED6272316090027B8BE /* Model.swift */; };
		4A3D5EEC272316D90027B8BE /* MainNavigationController.swift in Sources */ = {isa = PBXBuildFile; fileRef = 4A3D5EE7272316D90027B8BE /* MainNavigationController.swift */; };
		4A3D5EED272316D90027B8BE /* README.md in Resources */ = {isa = PBXBuildFile; fileRef = 4A3D5EE8272316D90027B8BE /* README.md */; };
		4A3D5EFE27231A910027B8BE /* Assets.xcassets in Resources */ = {isa = PBXBuildFile; fileRef = 4A3D5EFD27231A910027B8BE /* Assets.xcassets */; };
/* End PBXBuildFile section */

/* Begin PBXFileReference section */
		4A0EA3EE2770E47600EB6454 /* en */ = {isa = PBXFileReference; lastKnownFileType = text.plist.strings; name = en; path = en.lproj/Main.strings; sourceTree = "<group>"; };
		4A0EA3F02770E4A600EB6454 /* ru.lproj */ = {isa = PBXFileReference; lastKnownFileType = folder; path = ru.lproj; sourceTree = "<group>"; };
		4A3D5EBB272315B30027B8BE /* Sleep Calculator.app */ = {isa = PBXFileReference; explicitFileType = wrapper.application; includeInIndex = 0; path = "Sleep Calculator.app"; sourceTree = BUILT_PRODUCTS_DIR; };
		4A3D5EBE272315B30027B8BE /* AppDelegate.swift */ = {isa = PBXFileReference; lastKnownFileType = sourcecode.swift; path = AppDelegate.swift; sourceTree = "<group>"; };
		4A3D5EC0272315B30027B8BE /* SceneDelegate.swift */ = {isa = PBXFileReference; lastKnownFileType = sourcecode.swift; path = SceneDelegate.swift; sourceTree = "<group>"; };
		4A3D5EC2272315B30027B8BE /* ViewController.swift */ = {isa = PBXFileReference; lastKnownFileType = sourcecode.swift; path = ViewController.swift; sourceTree = "<group>"; };
		4A3D5EC5272315B30027B8BE /* Base */ = {isa = PBXFileReference; lastKnownFileType = file.storyboard; name = Base; path = Base.lproj/Main.storyboard; sourceTree = "<group>"; };
		4A3D5ECC272315B50027B8BE /* Info.plist */ = {isa = PBXFileReference; lastKnownFileType = text.plist.xml; path = Info.plist; sourceTree = "<group>"; };
		4A3D5ED6272316090027B8BE /* Model.swift */ = {isa = PBXFileReference; lastKnownFileType = sourcecode.swift; path = Model.swift; sourceTree = "<group>"; };
		4A3D5EE7272316D90027B8BE /* MainNavigationController.swift */ = {isa = PBXFileReference; fileEncoding = 4; lastKnownFileType = sourcecode.swift; path = MainNavigationController.swift; sourceTree = "<group>"; };
		4A3D5EE8272316D90027B8BE /* README.md */ = {isa = PBXFileReference; fileEncoding = 4; lastKnownFileType = net.daringfireball.markdown; path = README.md; sourceTree = "<group>"; };
		4A3D5EF0272318B70027B8BE /* en */ = {isa = PBXFileReference; lastKnownFileType = text.plist.strings; name = en; path = Main.strings; sourceTree = "<group>"; };
		4A3D5EF2272318B70027B8BE /* en */ = {isa = PBXFileReference; lastKnownFileType = text.plist.strings; name = en; path = Localizable.strings; sourceTree = "<group>"; };
		4A3D5EFB272318DE0027B8BE /* Launch Screen.storyboard */ = {isa = PBXFileReference; lastKnownFileType = file.storyboard; path = "Launch Screen.storyboard"; sourceTree = "<group>"; };
		4A3D5EFD27231A910027B8BE /* Assets.xcassets */ = {isa = PBXFileReference; lastKnownFileType = folder.assetcatalog; path = Assets.xcassets; sourceTree = "<group>"; };
		4A7FC9D427F33F93001CFDF3 /* ru */ = {isa = PBXFileReference; lastKnownFileType = text.plist.strings; name = ru; path = ru.lproj/Main.strings; sourceTree = "<group>"; };
/* End PBXFileReference section */

/* Begin PBXFrameworksBuildPhase section */
		4A3D5EB8272315B30027B8BE /* Frameworks */ = {
			isa = PBXFrameworksBuildPhase;
			buildActionMask = 2147483647;
			files = (
			);
			runOnlyForDeploymentPostprocessing = 0;
		};
/* End PBXFrameworksBuildPhase section */

/* Begin PBXGroup section */
		4A3D5EB2272315B30027B8BE = {
			isa = PBXGroup;
			children = (
				4A3D5EBD272315B30027B8BE /* Sleep Calculator */,
				4A3D5EBC272315B30027B8BE /* Products */,
			);
			sourceTree = "<group>";
		};
		4A3D5EBC272315B30027B8BE /* Products */ = {
			isa = PBXGroup;
			children = (
				4A3D5EBB272315B30027B8BE /* Sleep Calculator.app */,
			);
			name = Products;
			sourceTree = "<group>";
		};
		4A3D5EBD272315B30027B8BE /* Sleep Calculator */ = {
			isa = PBXGroup;
			children = (
				4A3D5EBE272315B30027B8BE /* AppDelegate.swift */,
				4A3D5EC0272315B30027B8BE /* SceneDelegate.swift */,
				4A3D5ED6272316090027B8BE /* Model.swift */,
				4A3D5EC2272315B30027B8BE /* ViewController.swift */,
				4A3D5EFB272318DE0027B8BE /* Launch Screen.storyboard */,
				4A3D5EE7272316D90027B8BE /* MainNavigationController.swift */,
				4A3D5EEE272318B70027B8BE /* en.lproj */,
				4A3D5EE8272316D90027B8BE /* README.md */,
				4A0EA3F02770E4A600EB6454 /* ru.lproj */,
				4A3D5EC4272315B30027B8BE /* Main.storyboard */,
				4A3D5EFD27231A910027B8BE /* Assets.xcassets */,
				4A3D5ECC272315B50027B8BE /* Info.plist */,
			);
			path = "Sleep Calculator";
			sourceTree = "<group>";
		};
		4A3D5EEE272318B70027B8BE /* en.lproj */ = {
			isa = PBXGroup;
			children = (
				4A3D5EEF272318B70027B8BE /* Main.strings */,
				4A3D5EF1272318B70027B8BE /* Localizable.strings */,
			);
			path = en.lproj;
			sourceTree = "<group>";
		};
/* End PBXGroup section */

/* Begin PBXNativeTarget section */
		4A3D5EBA272315B30027B8BE /* Sleep Calculator */ = {
			isa = PBXNativeTarget;
			buildConfigurationList = 4A3D5ECF272315B50027B8BE /* Build configuration list for PBXNativeTarget "Sleep Calculator" */;
			buildPhases = (
				4A3D5EB7272315B30027B8BE /* Sources */,
				4A3D5EB8272315B30027B8BE /* Frameworks */,
				4A3D5EB9272315B30027B8BE /* Resources */,
			);
			buildRules = (
			);
			dependencies = (
			);
			name = "Sleep Calculator";
			productName = "Sleep Calculator";
			productReference = 4A3D5EBB272315B30027B8BE /* Sleep Calculator.app */;
			productType = "com.apple.product-type.application";
		};
/* End PBXNativeTarget section */

/* Begin PBXProject section */
		4A3D5EB3272315B30027B8BE /* Project object */ = {
			isa = PBXProject;
			attributes = {
				LastSwiftUpdateCheck = 1250;
				LastUpgradeCheck = 1250;
				TargetAttributes = {
					4A3D5EBA272315B30027B8BE = {
						CreatedOnToolsVersion = 12.5.1;
					};
				};
			};
			buildConfigurationList = 4A3D5EB6272315B30027B8BE /* Build configuration list for PBXProject "Sleep Calculator" */;
			compatibilityVersion = "Xcode 9.3";
			developmentRegion = en;
			hasScannedForEncodings = 0;
			knownRegions = (
				en,
				Base,
				ru,
			);
			mainGroup = 4A3D5EB2272315B30027B8BE;
			productRefGroup = 4A3D5EBC272315B30027B8BE /* Products */;
			projectDirPath = "";
			projectRoot = "";
			targets = (
				4A3D5EBA272315B30027B8BE /* Sleep Calculator */,
			);
		};
/* End PBXProject section */

/* Begin PBXResourcesBuildPhase section */
		4A3D5EB9272315B30027B8BE /* Resources */ = {
			isa = PBXResourcesBuildPhase;
			buildActionMask = 2147483647;
			files = (
				4A0EA3F12770E4A600EB6454 /* ru.lproj in Resources */,
				4A3D5EED272316D90027B8BE /* README.md in Resources */,
				4A3D5EFE27231A910027B8BE /* Assets.xcassets in Resources */,
				4A3D5EC6272315B30027B8BE /* Main.storyboard in Resources */,
			);
			runOnlyForDeploymentPostprocessing = 0;
		};
/* End PBXResourcesBuildPhase section */

/* Begin PBXSourcesBuildPhase section */
		4A3D5EB7272315B30027B8BE /* Sources */ = {
			isa = PBXSourcesBuildPhase;
			buildActionMask = 2147483647;
			files = (
				4A3D5EC3272315B30027B8BE /* ViewController.swift in Sources */,
				4A3D5ED7272316090027B8BE /* Model.swift in Sources */,
				4A3D5EBF272315B30027B8BE /* AppDelegate.swift in Sources */,
				4A3D5EEC272316D90027B8BE /* MainNavigationController.swift in Sources */,
				4A3D5EC1272315B30027B8BE /* SceneDelegate.swift in Sources */,
			);
			runOnlyForDeploymentPostprocessing = 0;
		};
/* End PBXSourcesBuildPhase section */

/* Begin PBXVariantGroup section */
		4A3D5EC4272315B30027B8BE /* Main.storyboard */ = {
			isa = PBXVariantGroup;
			children = (
				4A3D5EC5272315B30027B8BE /* Base */,
				4A0EA3EE2770E47600EB6454 /* en */,
				4A7FC9D427F33F93001CFDF3 /* ru */,
			);
			name = Main.storyboard;
			sourceTree = "<group>";
		};
		4A3D5EEF272318B70027B8BE /* Main.strings */ = {
			isa = PBXVariantGroup;
			children = (
				4A3D5EF0272318B70027B8BE /* en */,
			);
			name = Main.strings;
			sourceTree = "<group>";
		};
		4A3D5EF1272318B70027B8BE /* Localizable.strings */ = {
			isa = PBXVariantGroup;
			children = (
				4A3D5EF2272318B70027B8BE /* en */,
			);
			name = Localizable.strings;
			sourceTree = "<group>";
		};
/* End PBXVariantGroup section */

/* Begin XCBuildConfiguration section */
		4A3D5ECD272315B50027B8BE /* Debug */ = {
			isa = XCBuildConfiguration;
			buildSettings = {
				ALWAYS_SEARCH_USER_PATHS = NO;
				CLANG_ANALYZER_NONNULL = YES;
				CLANG_ANALYZER_NUMBER_OBJECT_CONVERSION = YES_AGGRESSIVE;
				CLANG_CXX_LANGUAGE_STANDARD = "gnu++14";
				CLANG_CXX_LIBRARY = "libc++";
				CLANG_ENABLE_MODULES = YES;
				CLANG_ENABLE_OBJC_ARC = YES;
				CLANG_ENABLE_OBJC_WEAK = YES;
				CLANG_WARN_BLOCK_CAPTURE_AUTORELEASING = YES;
				CLANG_WARN_BOOL_CONVERSION = YES;
				CLANG_WARN_COMMA = YES;
				CLANG_WARN_CONSTANT_CONVERSION = YES;
				CLANG_WARN_DEPRECATED_OBJC_IMPLEMENTATIONS = YES;
				CLANG_WARN_DIRECT_OBJC_ISA_USAGE = YES_ERROR;
				CLANG_WARN_DOCUMENTATION_COMMENTS = YES;
				CLANG_WARN_EMPTY_BODY = YES;
				CLANG_WARN_ENUM_CONVERSION = YES;
				CLANG_WARN_INFINITE_RECURSION = YES;
				CLANG_WARN_INT_CONVERSION = YES;
				CLANG_WARN_NON_LITERAL_NULL_CONVERSION = YES;
				CLANG_WARN_OBJC_IMPLICIT_RETAIN_SELF = YES;
				CLANG_WARN_OBJC_LITERAL_CONVERSION = YES;
				CLANG_WARN_OBJC_ROOT_CLASS = YES_ERROR;
				CLANG_WARN_QUOTED_INCLUDE_IN_FRAMEWORK_HEADER = YES;
				CLANG_WARN_RANGE_LOOP_ANALYSIS = YES;
				CLANG_WARN_STRICT_PROTOTYPES = YES;
				CLANG_WARN_SUSPICIOUS_MOVE = YES;
				CLANG_WARN_UNGUARDED_AVAILABILITY = YES_AGGRESSIVE;
				CLANG_WARN_UNREACHABLE_CODE = YES;
				CLANG_WARN__DUPLICATE_METHOD_MATCH = YES;
				COPY_PHASE_STRIP = NO;
				DEBUG_INFORMATION_FORMAT = dwarf;
				ENABLE_STRICT_OBJC_MSGSEND = YES;
				ENABLE_TESTABILITY = YES;
				GCC_C_LANGUAGE_STANDARD = gnu11;
				GCC_DYNAMIC_NO_PIC = NO;
				GCC_NO_COMMON_BLOCKS = YES;
				GCC_OPTIMIZATION_LEVEL = 0;
				GCC_PREPROCESSOR_DEFINITIONS = (
					"DEBUG=1",
					"$(inherited)",
				);
				GCC_WARN_64_TO_32_BIT_CONVERSION = YES;
				GCC_WARN_ABOUT_RETURN_TYPE = YES_ERROR;
				GCC_WARN_UNDECLARED_SELECTOR = YES;
				GCC_WARN_UNINITIALIZED_AUTOS = YES_AGGRESSIVE;
				GCC_WARN_UNUSED_FUNCTION = YES;
				GCC_WARN_UNUSED_VARIABLE = YES;
				IPHONEOS_DEPLOYMENT_TARGET = 14.5;
				MTL_ENABLE_DEBUG_INFO = INCLUDE_SOURCE;
				MTL_FAST_MATH = YES;
				ONLY_ACTIVE_ARCH = YES;
				SDKROOT = iphoneos;
				SWIFT_ACTIVE_COMPILATION_CONDITIONS = DEBUG;
				SWIFT_OPTIMIZATION_LEVEL = "-Onone";
			};
			name = Debug;
		};
		4A3D5ECE272315B50027B8BE /* Release */ = {
			isa = XCBuildConfiguration;
			buildSettings = {
				ALWAYS_SEARCH_USER_PATHS = NO;
				CLANG_ANALYZER_NONNULL = YES;
				CLANG_ANALYZER_NUMBER_OBJECT_CONVERSION = YES_AGGRESSIVE;
				CLANG_CXX_LANGUAGE_STANDARD = "gnu++14";
				CLANG_CXX_LIBRARY = "libc++";
				CLANG_ENABLE_MODULES = YES;
				CLANG_ENABLE_OBJC_ARC = YES;
				CLANG_ENABLE_OBJC_WEAK = YES;
				CLANG_WARN_BLOCK_CAPTURE_AUTORELEASING = YES;
				CLANG_WARN_BOOL_CONVERSION = YES;
				CLANG_WARN_COMMA = YES;
				CLANG_WARN_CONSTANT_CONVERSION = YES;
				CLANG_WARN_DEPRECATED_OBJC_IMPLEMENTATIONS = YES;
				CLANG_WARN_DIRECT_OBJC_ISA_USAGE = YES_ERROR;
				CLANG_WARN_DOCUMENTATION_COMMENTS = YES;
				CLANG_WARN_EMPTY_BODY = YES;
				CLANG_WARN_ENUM_CONVERSION = YES;
				CLANG_WARN_INFINITE_RECURSION = YES;
				CLANG_WARN_INT_CONVERSION = YES;
				CLANG_WARN_NON_LITERAL_NULL_CONVERSION = YES;
				CLANG_WARN_OBJC_IMPLICIT_RETAIN_SELF = YES;
				CLANG_WARN_OBJC_LITERAL_CONVERSION = YES;
				CLANG_WARN_OBJC_ROOT_CLASS = YES_ERROR;
				CLANG_WARN_QUOTED_INCLUDE_IN_FRAMEWORK_HEADER = YES;
				CLANG_WARN_RANGE_LOOP_ANALYSIS = YES;
				CLANG_WARN_STRICT_PROTOTYPES = YES;
				CLANG_WARN_SUSPICIOUS_MOVE = YES;
				CLANG_WARN_UNGUARDED_AVAILABILITY = YES_AGGRESSIVE;
				CLANG_WARN_UNREACHABLE_CODE = YES;
				CLANG_WARN__DUPLICATE_METHOD_MATCH = YES;
				COPY_PHASE_STRIP = NO;
				DEBUG_INFORMATION_FORMAT = "dwarf-with-dsym";
				ENABLE_NS_ASSERTIONS = NO;
				ENABLE_STRICT_OBJC_MSGSEND = YES;
				GCC_C_LANGUAGE_STANDARD = gnu11;
				GCC_NO_COMMON_BLOCKS = YES;
				GCC_WARN_64_TO_32_BIT_CONVERSION = YES;
				GCC_WARN_ABOUT_RETURN_TYPE = YES_ERROR;
				GCC_WARN_UNDECLARED_SELECTOR = YES;
				GCC_WARN_UNINITIALIZED_AUTOS = YES_AGGRESSIVE;
				GCC_WARN_UNUSED_FUNCTION = YES;
				GCC_WARN_UNUSED_VARIABLE = YES;
				IPHONEOS_DEPLOYMENT_TARGET = 14.5;
				MTL_ENABLE_DEBUG_INFO = NO;
				MTL_FAST_MATH = YES;
				SDKROOT = iphoneos;
				SWIFT_COMPILATION_MODE = wholemodule;
				SWIFT_OPTIMIZATION_LEVEL = "-O";
				VALIDATE_PRODUCT = YES;
			};
			name = Release;
		};
		4A3D5ED0272315B50027B8BE /* Debug */ = {
			isa = XCBuildConfiguration;
			buildSettings = {
				ASSETCATALOG_COMPILER_APPICON_NAME = AppIcon;
				ASSETCATALOG_COMPILER_GLOBAL_ACCENT_COLOR_NAME = AccentColor;
				CODE_SIGN_STYLE = Automatic;
				DEVELOPMENT_TEAM = 28P4VGRC5F;
				INFOPLIST_FILE = "Sleep Calculator/Info.plist";
				LD_RUNPATH_SEARCH_PATHS = (
					"$(inherited)",
					"@executable_path/Frameworks",
				);
				PRODUCT_BUNDLE_IDENTIFIER = "A.Sleep-Calculator";
				PRODUCT_NAME = "$(TARGET_NAME)";
				SWIFT_VERSION = 5.0;
				TARGETED_DEVICE_FAMILY = 1;
			};
			name = Debug;
		};
		4A3D5ED1272315B50027B8BE /* Release */ = {
			isa = XCBuildConfiguration;
			buildSettings = {
				ASSETCATALOG_COMPILER_APPICON_NAME = AppIcon;
				ASSETCATALOG_COMPILER_GLOBAL_ACCENT_COLOR_NAME = AccentColor;
				CODE_SIGN_STYLE = Automatic;
				DEVELOPMENT_TEAM = 28P4VGRC5F;
				INFOPLIST_FILE = "Sleep Calculator/Info.plist";
				LD_RUNPATH_SEARCH_PATHS = (
					"$(inherited)",
					"@executable_path/Frameworks",
				);
				PRODUCT_BUNDLE_IDENTIFIER = "A.Sleep-Calculator";
				PRODUCT_NAME = "$(TARGET_NAME)";
				SWIFT_VERSION = 5.0;
				TARGETED_DEVICE_FAMILY = 1;
			};
			name = Release;
		};
/* End XCBuildConfiguration section */

/* Begin XCConfigurationList section */
		4A3D5EB6272315B30027B8BE /* Build configuration list for PBXProject "Sleep Calculator" */ = {
			isa = XCConfigurationList;
			buildConfigurations = (
				4A3D5ECD272315B50027B8BE /* Debug */,
				4A3D5ECE272315B50027B8BE /* Release */,
			);
			defaultConfigurationIsVisible = 0;
			defaultConfigurationName = Release;
		};
		4A3D5ECF272315B50027B8BE /* Build configuration list for PBXNativeTarget "Sleep Calculator" */ = {
			isa = XCConfigurationList;
			buildConfigurations = (
				4A3D5ED0272315B50027B8BE /* Debug */,
				4A3D5ED1272315B50027B8BE /* Release */,
			);
			defaultConfigurationIsVisible = 0;
			defaultConfigurationName = Release;
		};
/* End XCConfigurationList section */
	};
	rootObject = 4A3D5EB3272315B30027B8BE /* Project object */;
}
